
Microsoft Visual Studio Solution File, Format Version 12.00
# Visual Studio Version 17
VisualStudioVersion = 17.6.33829.357
MinimumVisualStudioVersion = 10.0.40219.1
Project("{FAE04EC0-301F-11D3-BF4B-00C04F79EFBC}") = "Part 2 – API", "Part 2 – API\Part 2 – API.csproj", "{F03106BE-6208-4547-AA13-F80224A4F571}"
EndProject
Global
	GlobalSection(SolutionConfigurationPlatforms) = preSolution
		Debug|Any CPU = Debug|Any CPU
		Release|Any CPU = Release|Any CPU
	EndGlobalSection
	GlobalSection(ProjectConfigurationPlatforms) = postSolution
		{F03106BE-6208-4547-AA13-F80224A4F571}.Debug|Any CPU.ActiveCfg = Debug|Any CPU
		{F03106BE-6208-4547-AA13-F80224A4F571}.Debug|Any CPU.Build.0 = Debug|Any CPU
		{F03106BE-6208-4547-AA13-F80224A4F571}.Release|Any CPU.ActiveCfg = Release|Any CPU
		{F03106BE-6208-4547-AA13-F80224A4F571}.Release|Any CPU.Build.0 = Release|Any CPU
	EndGlobalSection
	GlobalSection(SolutionProperties) = preSolution
		HideSolutionNode = FALSE
	EndGlobalSection
	GlobalSection(ExtensibilityGlobals) = postSolution
		SolutionGuid = {15DB056D-15C6-402D-A97F-BA93290CFD41}
	EndGlobalSection
EndGlobal
